// !$*UTF8*$!
{
	archiveVersion = 1;
	classes = {
	};
	objectVersion = 46;
	objects = {

/* Begin PBXBuildFile section */
		305B5334194AACC500ED65E8 /* AppDelegate.swift in Sources */ = {isa = PBXBuildFile; fileRef = 305B5333194AACC500ED65E8 /* AppDelegate.swift */; };
		305B5336194AACC500ED65E8 /* CalculatorViewController.swift in Sources */ = {isa = PBXBuildFile; fileRef = 305B5335194AACC500ED65E8 /* CalculatorViewController.swift */; };
		305B5339194AACC500ED65E8 /* Main.storyboard in Resources */ = {isa = PBXBuildFile; fileRef = 305B5337194AACC500ED65E8 /* Main.storyboard */; };
		305B533B194AACC500ED65E8 /* Images.xcassets in Resources */ = {isa = PBXBuildFile; fileRef = 305B533A194AACC500ED65E8 /* Images.xcassets */; };
		305B5347194AACC500ED65E8 /* SwiftCalculatorTests.swift in Sources */ = {isa = PBXBuildFile; fileRef = 305B5346194AACC500ED65E8 /* SwiftCalculatorTests.swift */; };
/* End PBXBuildFile section */

/* Begin PBXContainerItemProxy section */
		305B5341194AACC500ED65E8 /* PBXContainerItemProxy */ = {
			isa = PBXContainerItemProxy;
			containerPortal = 305B5326194AACC500ED65E8 /* Project object */;
			proxyType = 1;
			remoteGlobalIDString = 305B532D194AACC500ED65E8;
			remoteInfo = SwiftCalculator;
		};
/* End PBXContainerItemProxy section */

/* Begin PBXFileReference section */
		305B532E194AACC500ED65E8 /* SwiftCalculator.app */ = {isa = PBXFileReference; explicitFileType = wrapper.application; includeInIndex = 0; path = SwiftCalculator.app; sourceTree = BUILT_PRODUCTS_DIR; };
		305B5332194AACC500ED65E8 /* Info.plist */ = {isa = PBXFileReference; lastKnownFileType = text.plist.xml; path = Info.plist; sourceTree = "<group>"; };
		305B5333194AACC500ED65E8 /* AppDelegate.swift */ = {isa = PBXFileReference; lastKnownFileType = sourcecode.swift; path = AppDelegate.swift; sourceTree = "<group>"; };
		305B5335194AACC500ED65E8 /* CalculatorViewController.swift */ = {isa = PBXFileReference; lastKnownFileType = sourcecode.swift; path = CalculatorViewController.swift; sourceTree = "<group>"; };
		305B5338194AACC500ED65E8 /* Base */ = {isa = PBXFileReference; lastKnownFileType = file.storyboard; name = Base; path = Base.lproj/Main.storyboard; sourceTree = "<group>"; };
		305B533A194AACC500ED65E8 /* Images.xcassets */ = {isa = PBXFileReference; lastKnownFileType = folder.assetcatalog; path = Images.xcassets; sourceTree = "<group>"; };
		305B5340194AACC500ED65E8 /* SwiftCalculatorTests.xctest */ = {isa = PBXFileReference; explicitFileType = wrapper.cfbundle; includeInIndex = 0; path = SwiftCalculatorTests.xctest; sourceTree = BUILT_PRODUCTS_DIR; };
		305B5345194AACC500ED65E8 /* Info.plist */ = {isa = PBXFileReference; lastKnownFileType = text.plist.xml; path = Info.plist; sourceTree = "<group>"; };
		305B5346194AACC500ED65E8 /* SwiftCalculatorTests.swift */ = {isa = PBXFileReference; lastKnownFileType = sourcecode.swift; path = SwiftCalculatorTests.swift; sourceTree = "<group>"; };
/* End PBXFileReference section */

/* Begin PBXFrameworksBuildPhase section */
		305B532B194AACC500ED65E8 /* Frameworks */ = {
			isa = PBXFrameworksBuildPhase;
			buildActionMask = 2147483647;
			files = (
			);
			runOnlyForDeploymentPostprocessing = 0;
		};
		305B533D194AACC500ED65E8 /* Frameworks */ = {
			isa = PBXFrameworksBuildPhase;
			buildActionMask = 2147483647;
			files = (
			);
			runOnlyForDeploymentPostprocessing = 0;
		};
/* End PBXFrameworksBuildPhase section */

/* Begin PBXGroup section */
		305B5325194AACC500ED65E8 = {
			isa = PBXGroup;
			children = (
				305B5330194AACC500ED65E8 /* SwiftCalculator */,
				305B5343194AACC500ED65E8 /* SwiftCalculatorTests */,
				305B532F194AACC500ED65E8 /* Products */,
			);
			sourceTree = "<group>";
		};
		305B532F194AACC500ED65E8 /* Products */ = {
			isa = PBXGroup;
			children = (
				305B532E194AACC500ED65E8 /* SwiftCalculator.app */,
				305B5340194AACC500ED65E8 /* SwiftCalculatorTests.xctest */,
			);
			name = Products;
			sourceTree = "<group>";
		};
		305B5330194AACC500ED65E8 /* SwiftCalculator */ = {
			isa = PBXGroup;
			children = (
				305B5333194AACC500ED65E8 /* AppDelegate.swift */,
				305B5335194AACC500ED65E8 /* CalculatorViewController.swift */,
				305B5337194AACC500ED65E8 /* Main.storyboard */,
				305B533A194AACC500ED65E8 /* Images.xcassets */,
				305B5331194AACC500ED65E8 /* Supporting Files */,
			);
			path = SwiftCalculator;
			sourceTree = "<group>";
		};
		305B5331194AACC500ED65E8 /* Supporting Files */ = {
			isa = PBXGroup;
			children = (
				305B5332194AACC500ED65E8 /* Info.plist */,
			);
			name = "Supporting Files";
			sourceTree = "<group>";
		};
		305B5343194AACC500ED65E8 /* SwiftCalculatorTests */ = {
			isa = PBXGroup;
			children = (
				305B5346194AACC500ED65E8 /* SwiftCalculatorTests.swift */,
				305B5344194AACC500ED65E8 /* Supporting Files */,
			);
			path = SwiftCalculatorTests;
			sourceTree = "<group>";
		};
		305B5344194AACC500ED65E8 /* Supporting Files */ = {
			isa = PBXGroup;
			children = (
				305B5345194AACC500ED65E8 /* Info.plist */,
			);
			name = "Supporting Files";
			sourceTree = "<group>";
		};
/* End PBXGroup section */

/* Begin PBXNativeTarget section */
		305B532D194AACC500ED65E8 /* SwiftCalculator */ = {
			isa = PBXNativeTarget;
			buildConfigurationList = 305B534A194AACC500ED65E8 /* Build configuration list for PBXNativeTarget "SwiftCalculator" */;
			buildPhases = (
				305B532A194AACC500ED65E8 /* Sources */,
				305B532B194AACC500ED65E8 /* Frameworks */,
				305B532C194AACC500ED65E8 /* Resources */,
			);
			buildRules = (
			);
			dependencies = (
			);
			name = SwiftCalculator;
			productName = SwiftCalculator;
			productReference = 305B532E194AACC500ED65E8 /* SwiftCalculator.app */;
			productType = "com.apple.product-type.application";
		};
		305B533F194AACC500ED65E8 /* SwiftCalculatorTests */ = {
			isa = PBXNativeTarget;
			buildConfigurationList = 305B534D194AACC500ED65E8 /* Build configuration list for PBXNativeTarget "SwiftCalculatorTests" */;
			buildPhases = (
				305B533C194AACC500ED65E8 /* Sources */,
				305B533D194AACC500ED65E8 /* Frameworks */,
				305B533E194AACC500ED65E8 /* Resources */,
			);
			buildRules = (
			);
			dependencies = (
				305B5342194AACC500ED65E8 /* PBXTargetDependency */,
			);
			name = SwiftCalculatorTests;
			productName = SwiftCalculatorTests;
			productReference = 305B5340194AACC500ED65E8 /* SwiftCalculatorTests.xctest */;
			productType = "com.apple.product-type.bundle.unit-test";
		};
/* End PBXNativeTarget section */

/* Begin PBXProject section */
		305B5326194AACC500ED65E8 /* Project object */ = {
			isa = PBXProject;
			attributes = {
				LastUpgradeCheck = 0600;
				ORGANIZATIONNAME = Abe;
				TargetAttributes = {
					305B532D194AACC500ED65E8 = {
						CreatedOnToolsVersion = 6.0;
					};
					305B533F194AACC500ED65E8 = {
						CreatedOnToolsVersion = 6.0;
						TestTargetID = 305B532D194AACC500ED65E8;
					};
				};
			};
			buildConfigurationList = 305B5329194AACC500ED65E8 /* Build configuration list for PBXProject "SwiftCalculator" */;
			compatibilityVersion = "Xcode 3.2";
			developmentRegion = English;
			hasScannedForEncodings = 0;
			knownRegions = (
				en,
				Base,
			);
			mainGroup = 305B5325194AACC500ED65E8;
			productRefGroup = 305B532F194AACC500ED65E8 /* Products */;
			projectDirPath = "";
			projectRoot = "";
			targets = (
				305B532D194AACC500ED65E8 /* SwiftCalculator */,
				305B533F194AACC500ED65E8 /* SwiftCalculatorTests */,
			);
		};
/* End PBXProject section */

/* Begin PBXResourcesBuildPhase section */
		305B532C194AACC500ED65E8 /* Resources */ = {
			isa = PBXResourcesBuildPhase;
			buildActionMask = 2147483647;
			files = (
				305B5339194AACC500ED65E8 /* Main.storyboard in Resources */,
				305B533B194AACC500ED65E8 /* Images.xcassets in Resources */,
			);
			runOnlyForDeploymentPostprocessing = 0;
		};
		305B533E194AACC500ED65E8 /* Resources */ = {
			isa = PBXResourcesBuildPhase;
			buildActionMask = 2147483647;
			files = (
			);
			runOnlyForDeploymentPostprocessing = 0;
		};
/* End PBXResourcesBuildPhase section */

/* Begin PBXSourcesBuildPhase section */
		305B532A194AACC500ED65E8 /* Sources */ = {
			isa = PBXSourcesBuildPhase;
			buildActionMask = 2147483647;
			files = (
				305B5336194AACC500ED65E8 /* CalculatorViewController.swift in Sources */,
				305B5334194AACC500ED65E8 /* AppDelegate.swift in Sources */,
			);
			runOnlyForDeploymentPostprocessing = 0;
		};
		305B533C194AACC500ED65E8 /* Sources */ = {
			isa = PBXSourcesBuildPhase;
			buildActionMask = 2147483647;
			files = (
				305B5347194AACC500ED65E8 /* SwiftCalculatorTests.swift in Sources */,
			);
			runOnlyForDeploymentPostprocessing = 0;
		};
/* End PBXSourcesBuildPhase section */

/* Begin PBXTargetDependency section */
		305B5342194AACC500ED65E8 /* PBXTargetDependency */ = {
			isa = PBXTargetDependency;
			target = 305B532D194AACC500ED65E8 /* SwiftCalculator */;
			targetProxy = 305B5341194AACC500ED65E8 /* PBXContainerItemProxy */;
		};
/* End PBXTargetDependency section */

/* Begin PBXVariantGroup section */
		305B5337194AACC500ED65E8 /* Main.storyboard */ = {
			isa = PBXVariantGroup;
			children = (
				305B5338194AACC500ED65E8 /* Base */,
			);
			name = Main.storyboard;
			sourceTree = "<group>";
		};
/* End PBXVariantGroup section */

/* Begin XCBuildConfiguration section */
		305B5348194AACC500ED65E8 /* Debug */ = {
			isa = XCBuildConfiguration;
			buildSettings = {
				ALWAYS_SEARCH_USER_PATHS = NO;
				CLANG_CXX_LANGUAGE_STANDARD = "gnu++0x";
				CLANG_CXX_LIBRARY = "libc++";
				CLANG_ENABLE_MODULES = YES;
				CLANG_ENABLE_OBJC_ARC = YES;
				CLANG_WARN_BOOL_CONVERSION = YES;
				CLANG_WARN_CONSTANT_CONVERSION = YES;
				CLANG_WARN_DIRECT_OBJC_ISA_USAGE = YES_ERROR;
				CLANG_WARN_EMPTY_BODY = YES;
				CLANG_WARN_ENUM_CONVERSION = YES;
				CLANG_WARN_INT_CONVERSION = YES;
				CLANG_WARN_OBJC_ROOT_CLASS = YES_ERROR;
				CLANG_WARN_UNREACHABLE_CODE = YES;
				CLANG_WARN__DUPLICATE_METHOD_MATCH = YES;
				"CODE_SIGN_IDENTITY[sdk=iphoneos*]" = "iPhone Developer";
				COPY_PHASE_STRIP = NO;
				ENABLE_STRICT_OBJC_MSGSEND = YES;
				GCC_C_LANGUAGE_STANDARD = gnu99;
				GCC_DYNAMIC_NO_PIC = NO;
				GCC_OPTIMIZATION_LEVEL = 0;
				GCC_PREPROCESSOR_DEFINITIONS = (
					"DEBUG=1",
					"$(inherited)",
				);
				GCC_SYMBOLS_PRIVATE_EXTERN = NO;
				GCC_WARN_64_TO_32_BIT_CONVERSION = YES;
				GCC_WARN_ABOUT_RETURN_TYPE = YES_ERROR;
				GCC_WARN_UNDECLARED_SELECTOR = YES;
				GCC_WARN_UNINITIALIZED_AUTOS = YES_AGGRESSIVE;
				GCC_WARN_UNUSED_FUNCTION = YES;
				GCC_WARN_UNUSED_VARIABLE = YES;
				IPHONEOS_DEPLOYMENT_TARGET = 8.0;
				METAL_ENABLE_DEBUG_INFO = YES;
				ONLY_ACTIVE_ARCH = YES;
				SDKROOT = iphoneos;
				SWIFT_OPTIMIZATION_LEVEL = "-Onone";
			};
			name = Debug;
		};
		305B5349194AACC500ED65E8 /* Release */ = {
			isa = XCBuildConfiguration;
			buildSettings = {
				ALWAYS_SEARCH_USER_PATHS = NO;
				CLANG_CXX_LANGUAGE_STANDARD = "gnu++0x";
				CLANG_CXX_LIBRARY = "libc++";
				CLANG_ENABLE_MODULES = YES;
				CLANG_ENABLE_OBJC_ARC = YES;
				CLANG_WARN_BOOL_CONVERSION = YES;
				CLANG_WARN_CONSTANT_CONVERSION = YES;
				CLANG_WARN_DIRECT_OBJC_ISA_USAGE = YES_ERROR;
				CLANG_WARN_EMPTY_BODY = YES;
				CLANG_WARN_ENUM_CONVERSION = YES;
				CLANG_WARN_INT_CONVERSION = YES;
				CLANG_WARN_OBJC_ROOT_CLASS = YES_ERROR;
				CLANG_WARN_UNREACHABLE_CODE = YES;
				CLANG_WARN__DUPLICATE_METHOD_MATCH = YES;
				"CODE_SIGN_IDENTITY[sdk=iphoneos*]" = "iPhone Developer";
				COPY_PHASE_STRIP = YES;
				ENABLE_NS_ASSERTIONS = NO;
				ENABLE_STRICT_OBJC_MSGSEND = YES;
				GCC_C_LANGUAGE_STANDARD = gnu99;
				GCC_WARN_64_TO_32_BIT_CONVERSION = YES;
				GCC_WARN_ABOUT_RETURN_TYPE = YES_ERROR;
				GCC_WARN_UNDECLARED_SELECTOR = YES;
				GCC_WARN_UNINITIALIZED_AUTOS = YES_AGGRESSIVE;
				GCC_WARN_UNUSED_FUNCTION = YES;
				GCC_WARN_UNUSED_VARIABLE = YES;
				IPHONEOS_DEPLOYMENT_TARGET = 8.0;
				METAL_ENABLE_DEBUG_INFO = NO;
				SDKROOT = iphoneos;
				VALIDATE_PRODUCT = YES;
			};
			name = Release;
		};
		305B534B194AACC500ED65E8 /* Debug */ = {
			isa = XCBuildConfiguration;
			buildSettings = {
				ASSETCATALOG_COMPILER_APPICON_NAME = AppIcon;
				ASSETCATALOG_COMPILER_LAUNCHIMAGE_NAME = LaunchImage;
				INFOPLIST_FILE = SwiftCalculator/Info.plist;
				LD_RUNPATH_SEARCH_PATHS = "$(inherited) @executable_path/Frameworks";
				PRODUCT_NAME = "$(TARGET_NAME)";
			};
			name = Debug;
		};
		305B534C194AACC500ED65E8 /* Release */ = {
			isa = XCBuildConfiguration;
			buildSettings = {
				ASSETCATALOG_COMPILER_APPICON_NAME = AppIcon;
				ASSETCATALOG_COMPILER_LAUNCHIMAGE_NAME = LaunchImage;
				INFOPLIST_FILE = SwiftCalculator/Info.plist;
				LD_RUNPATH_SEARCH_PATHS = "$(inherited) @executable_path/Frameworks";
				PRODUCT_NAME = "$(TARGET_NAME)";
			};
			name = Release;
		};
		305B534E194AACC500ED65E8 /* Debug */ = {
			isa = XCBuildConfiguration;
			buildSettings = {
				BUNDLE_LOADER = "$(BUILT_PRODUCTS_DIR)/SwiftCalculator.app/SwiftCalculator";
				FRAMEWORK_SEARCH_PATHS = (
					"$(SDKROOT)/Developer/Library/Frameworks",
					"$(inherited)",
				);
				GCC_PREPROCESSOR_DEFINITIONS = (
					"DEBUG=1",
					"$(inherited)",
				);
				INFOPLIST_FILE = SwiftCalculatorTests/Info.plist;
				LD_RUNPATH_SEARCH_PATHS = "$(inherited) @executable_path/Frameworks @loader_path/Frameworks";
				METAL_ENABLE_DEBUG_INFO = YES;
				PRODUCT_NAME = "$(TARGET_NAME)";
				TEST_HOST = "$(BUNDLE_LOADER)";
			};
			name = Debug;
		};
		305B534F194AACC500ED65E8 /* Release */ = {
			isa = XCBuildConfiguration;
			buildSettings = {
				BUNDLE_LOADER = "$(BUILT_PRODUCTS_DIR)/SwiftCalculator.app/SwiftCalculator";
				FRAMEWORK_SEARCH_PATHS = (
					"$(SDKROOT)/Developer/Library/Frameworks",
					"$(inherited)",
				);
				INFOPLIST_FILE = SwiftCalculatorTests/Info.plist;
				LD_RUNPATH_SEARCH_PATHS = "$(inherited) @executable_path/Frameworks @loader_path/Frameworks";
				METAL_ENABLE_DEBUG_INFO = NO;
				PRODUCT_NAME = "$(TARGET_NAME)";
				TEST_HOST = "$(BUNDLE_LOADER)";
			};
			name = Release;
		};
/* End XCBuildConfiguration section */

/* Begin XCConfigurationList section */
		305B5329194AACC500ED65E8 /* Build configuration list for PBXProject "SwiftCalculator" */ = {
			isa = XCConfigurationList;
			buildConfigurations = (
				305B5348194AACC500ED65E8 /* Debug */,
				305B5349194AACC500ED65E8 /* Release */,
			);
			defaultConfigurationIsVisible = 0;
			defaultConfigurationName = Release;
		};
		305B534A194AACC500ED65E8 /* Build configuration list for PBXNativeTarget "SwiftCalculator" */ = {
			isa = XCConfigurationList;
			buildConfigurations = (
				305B534B194AACC500ED65E8 /* Debug */,
				305B534C194AACC500ED65E8 /* Release */,
			);
			defaultConfigurationIsVisible = 0;
		};
		305B534D194AACC500ED65E8 /* Build configuration list for PBXNativeTarget "SwiftCalculatorTests" */ = {
			isa = XCConfigurationList;
			buildConfigurations = (
				305B534E194AACC500ED65E8 /* Debug */,
				305B534F194AACC500ED65E8 /* Release */,
			);
			defaultConfigurationIsVisible = 0;
		};
/* End XCConfigurationList section */
	};
	rootObject = 305B5326194AACC500ED65E8 /* Project object */;
}
